
Microsoft Visual Studio Solution File, Format Version 12.00
# Visual Studio Version 17
VisualStudioVersion = 17.10.35013.160
MinimumVisualStudioVersion = 10.0.40219.1
Project("{FAE04EC0-301F-11D3-BF4B-00C04F79EFBC}") = "FistikSale", "FistikSale\FistikSale.csproj", "{056A49B6-BAC0-4EC1-8FFB-11822F30114E}"
EndProject
Global
	GlobalSection(SolutionConfigurationPlatforms) = preSolution
		Debug|Any CPU = Debug|Any CPU
		Release|Any CPU = Release|Any CPU
	EndGlobalSection
	GlobalSection(ProjectConfigurationPlatforms) = postSolution
		{056A49B6-BAC0-4EC1-8FFB-11822F30114E}.Debug|Any CPU.ActiveCfg = Debug|Any CPU
		{056A49B6-BAC0-4EC1-8FFB-11822F30114E}.Debug|Any CPU.Build.0 = Debug|Any CPU
		{056A49B6-BAC0-4EC1-8FFB-11822F30114E}.Release|Any CPU.ActiveCfg = Release|Any CPU
		{056A49B6-BAC0-4EC1-8FFB-11822F30114E}.Release|Any CPU.Build.0 = Release|Any CPU
	EndGlobalSection
	GlobalSection(SolutionProperties) = preSolution
		HideSolutionNode = FALSE
	EndGlobalSection
	GlobalSection(ExtensibilityGlobals) = postSolution
		SolutionGuid = {A6CA4840-858A-4D5C-B205-508CB5C6B005}
	EndGlobalSection
EndGlobal
